
Microsoft Visual Studio Solution File, Format Version 12.00
# Visual Studio Version 17
VisualStudioVersion = 17.3.32929.385
MinimumVisualStudioVersion = 10.0.40219.1
Project("{FAE04EC0-301F-11D3-BF4B-00C04F79EFBC}") = "AS2324_5G_INF_LombardiGuglielmo_WebAPI(1)", "AS2324_5G_INF_LombardiGuglielmo_WebAPI(1)\AS2324_5G_INF_LombardiGuglielmo_WebAPI(1).csproj", "{9232CDFF-EE63-4ABE-9EB5-DA0FD0FD21EF}"
EndProject
Global
	GlobalSection(SolutionConfigurationPlatforms) = preSolution
		Debug|Any CPU = Debug|Any CPU
		Release|Any CPU = Release|Any CPU
	EndGlobalSection
	GlobalSection(ProjectConfigurationPlatforms) = postSolution
		{9232CDFF-EE63-4ABE-9EB5-DA0FD0FD21EF}.Debug|Any CPU.ActiveCfg = Debug|Any CPU
		{9232CDFF-EE63-4ABE-9EB5-DA0FD0FD21EF}.Debug|Any CPU.Build.0 = Debug|Any CPU
		{9232CDFF-EE63-4ABE-9EB5-DA0FD0FD21EF}.Release|Any CPU.ActiveCfg = Release|Any CPU
		{9232CDFF-EE63-4ABE-9EB5-DA0FD0FD21EF}.Release|Any CPU.Build.0 = Release|Any CPU
	EndGlobalSection
	GlobalSection(SolutionProperties) = preSolution
		HideSolutionNode = FALSE
	EndGlobalSection
	GlobalSection(ExtensibilityGlobals) = postSolution
		SolutionGuid = {C467580D-CC8A-4A97-9786-04A7683872B3}
	EndGlobalSection
EndGlobal
